// !$*UTF8*$!
{
	archiveVersion = 1;
	classes = {
	};
	objectVersion = 48;
	objects = {

/* Begin PBXBuildFile section */
		CE15935C2180AC8F001096B9 /* AppDelegate.swift in Sources */ = {isa = PBXBuildFile; fileRef = CE15935B2180AC8F001096B9 /* AppDelegate.swift */; };
		CE15935E2180AC8F001096B9 /* ViewController.swift in Sources */ = {isa = PBXBuildFile; fileRef = CE15935D2180AC8F001096B9 /* ViewController.swift */; };
		CE1593612180AC8F001096B9 /* Main.storyboard in Resources */ = {isa = PBXBuildFile; fileRef = CE15935F2180AC8F001096B9 /* Main.storyboard */; };
		CE1593632180AC8F001096B9 /* Assets.xcassets in Resources */ = {isa = PBXBuildFile; fileRef = CE1593622180AC8F001096B9 /* Assets.xcassets */; };
		CE1593662180AC8F001096B9 /* LaunchScreen.storyboard in Resources */ = {isa = PBXBuildFile; fileRef = CE1593642180AC8F001096B9 /* LaunchScreen.storyboard */; };
		CE1593712180AC8F001096B9 /* BMI_CalculatorTests.swift in Sources */ = {isa = PBXBuildFile; fileRef = CE1593702180AC8F001096B9 /* BMI_CalculatorTests.swift */; };
		CE15937C2180AC8F001096B9 /* BMI_CalculatorUITests.swift in Sources */ = {isa = PBXBuildFile; fileRef = CE15937B2180AC8F001096B9 /* BMI_CalculatorUITests.swift */; };
/* End PBXBuildFile section */

/* Begin PBXContainerItemProxy section */
		CE15936D2180AC8F001096B9 /* PBXContainerItemProxy */ = {
			isa = PBXContainerItemProxy;
			containerPortal = CE1593502180AC8F001096B9 /* Project object */;
			proxyType = 1;
			remoteGlobalIDString = CE1593572180AC8F001096B9;
			remoteInfo = "BMI Calculator";
		};
		CE1593782180AC8F001096B9 /* PBXContainerItemProxy */ = {
			isa = PBXContainerItemProxy;
			containerPortal = CE1593502180AC8F001096B9 /* Project object */;
			proxyType = 1;
			remoteGlobalIDString = CE1593572180AC8F001096B9;
			remoteInfo = "BMI Calculator";
		};
/* End PBXContainerItemProxy section */

/* Begin PBXFileReference section */
		CE1593582180AC8F001096B9 /* BMI Calculator.app */ = {isa = PBXFileReference; explicitFileType = wrapper.application; includeInIndex = 0; path = "BMI Calculator.app"; sourceTree = BUILT_PRODUCTS_DIR; };
		CE15935B2180AC8F001096B9 /* AppDelegate.swift */ = {isa = PBXFileReference; lastKnownFileType = sourcecode.swift; path = AppDelegate.swift; sourceTree = "<group>"; };
		CE15935D2180AC8F001096B9 /* ViewController.swift */ = {isa = PBXFileReference; lastKnownFileType = sourcecode.swift; path = ViewController.swift; sourceTree = "<group>"; };
		CE1593602180AC8F001096B9 /* Base */ = {isa = PBXFileReference; lastKnownFileType = file.storyboard; name = Base; path = Base.lproj/Main.storyboard; sourceTree = "<group>"; };
		CE1593622180AC8F001096B9 /* Assets.xcassets */ = {isa = PBXFileReference; lastKnownFileType = folder.assetcatalog; path = Assets.xcassets; sourceTree = "<group>"; };
		CE1593652180AC8F001096B9 /* Base */ = {isa = PBXFileReference; lastKnownFileType = file.storyboard; name = Base; path = Base.lproj/LaunchScreen.storyboard; sourceTree = "<group>"; };
		CE1593672180AC8F001096B9 /* Info.plist */ = {isa = PBXFileReference; lastKnownFileType = text.plist.xml; path = Info.plist; sourceTree = "<group>"; };
		CE15936C2180AC8F001096B9 /* BMI CalculatorTests.xctest */ = {isa = PBXFileReference; explicitFileType = wrapper.cfbundle; includeInIndex = 0; path = "BMI CalculatorTests.xctest"; sourceTree = BUILT_PRODUCTS_DIR; };
		CE1593702180AC8F001096B9 /* BMI_CalculatorTests.swift */ = {isa = PBXFileReference; lastKnownFileType = sourcecode.swift; path = BMI_CalculatorTests.swift; sourceTree = "<group>"; };
		CE1593722180AC8F001096B9 /* Info.plist */ = {isa = PBXFileReference; lastKnownFileType = text.plist.xml; path = Info.plist; sourceTree = "<group>"; };
		CE1593772180AC8F001096B9 /* BMI CalculatorUITests.xctest */ = {isa = PBXFileReference; explicitFileType = wrapper.cfbundle; includeInIndex = 0; path = "BMI CalculatorUITests.xctest"; sourceTree = BUILT_PRODUCTS_DIR; };
		CE15937B2180AC8F001096B9 /* BMI_CalculatorUITests.swift */ = {isa = PBXFileReference; lastKnownFileType = sourcecode.swift; path = BMI_CalculatorUITests.swift; sourceTree = "<group>"; };
		CE15937D2180AC8F001096B9 /* Info.plist */ = {isa = PBXFileReference; lastKnownFileType = text.plist.xml; path = Info.plist; sourceTree = "<group>"; };
/* End PBXFileReference section */

/* Begin PBXFrameworksBuildPhase section */
		CE1593552180AC8F001096B9 /* Frameworks */ = {
			isa = PBXFrameworksBuildPhase;
			buildActionMask = 2147483647;
			files = (
			);
			runOnlyForDeploymentPostprocessing = 0;
		};
		CE1593692180AC8F001096B9 /* Frameworks */ = {
			isa = PBXFrameworksBuildPhase;
			buildActionMask = 2147483647;
			files = (
			);
			runOnlyForDeploymentPostprocessing = 0;
		};
		CE1593742180AC8F001096B9 /* Frameworks */ = {
			isa = PBXFrameworksBuildPhase;
			buildActionMask = 2147483647;
			files = (
			);
			runOnlyForDeploymentPostprocessing = 0;
		};
/* End PBXFrameworksBuildPhase section */

/* Begin PBXGroup section */
		CE15934F2180AC8F001096B9 = {
			isa = PBXGroup;
			children = (
				CE15935A2180AC8F001096B9 /* BMI Calculator */,
				CE15936F2180AC8F001096B9 /* BMI CalculatorTests */,
				CE15937A2180AC8F001096B9 /* BMI CalculatorUITests */,
				CE1593592180AC8F001096B9 /* Products */,
			);
			sourceTree = "<group>";
		};
		CE1593592180AC8F001096B9 /* Products */ = {
			isa = PBXGroup;
			children = (
				CE1593582180AC8F001096B9 /* BMI Calculator.app */,
				CE15936C2180AC8F001096B9 /* BMI CalculatorTests.xctest */,
				CE1593772180AC8F001096B9 /* BMI CalculatorUITests.xctest */,
			);
			name = Products;
			sourceTree = "<group>";
		};
		CE15935A2180AC8F001096B9 /* BMI Calculator */ = {
			isa = PBXGroup;
			children = (
				CE15935B2180AC8F001096B9 /* AppDelegate.swift */,
				CE15935D2180AC8F001096B9 /* ViewController.swift */,
				CE15935F2180AC8F001096B9 /* Main.storyboard */,
				CE1593622180AC8F001096B9 /* Assets.xcassets */,
				CE1593642180AC8F001096B9 /* LaunchScreen.storyboard */,
				CE1593672180AC8F001096B9 /* Info.plist */,
			);
			path = "BMI Calculator";
			sourceTree = "<group>";
		};
		CE15936F2180AC8F001096B9 /* BMI CalculatorTests */ = {
			isa = PBXGroup;
			children = (
				CE1593702180AC8F001096B9 /* BMI_CalculatorTests.swift */,
				CE1593722180AC8F001096B9 /* Info.plist */,
			);
			path = "BMI CalculatorTests";
			sourceTree = "<group>";
		};
		CE15937A2180AC8F001096B9 /* BMI CalculatorUITests */ = {
			isa = PBXGroup;
			children = (
				CE15937B2180AC8F001096B9 /* BMI_CalculatorUITests.swift */,
				CE15937D2180AC8F001096B9 /* Info.plist */,
			);
			path = "BMI CalculatorUITests";
			sourceTree = "<group>";
		};
/* End PBXGroup section */

/* Begin PBXNativeTarget section */
		CE1593572180AC8F001096B9 /* BMI Calculator */ = {
			isa = PBXNativeTarget;
			buildConfigurationList = CE1593802180AC8F001096B9 /* Build configuration list for PBXNativeTarget "BMI Calculator" */;
			buildPhases = (
				CE1593542180AC8F001096B9 /* Sources */,
				CE1593552180AC8F001096B9 /* Frameworks */,
				CE1593562180AC8F001096B9 /* Resources */,
			);
			buildRules = (
			);
			dependencies = (
			);
			name = "BMI Calculator";
			productName = "BMI Calculator";
			productReference = CE1593582180AC8F001096B9 /* BMI Calculator.app */;
			productType = "com.apple.product-type.application";
		};
		CE15936B2180AC8F001096B9 /* BMI CalculatorTests */ = {
			isa = PBXNativeTarget;
			buildConfigurationList = CE1593832180AC8F001096B9 /* Build configuration list for PBXNativeTarget "BMI CalculatorTests" */;
			buildPhases = (
				CE1593682180AC8F001096B9 /* Sources */,
				CE1593692180AC8F001096B9 /* Frameworks */,
				CE15936A2180AC8F001096B9 /* Resources */,
			);
			buildRules = (
			);
			dependencies = (
				CE15936E2180AC8F001096B9 /* PBXTargetDependency */,
			);
			name = "BMI CalculatorTests";
			productName = "BMI CalculatorTests";
			productReference = CE15936C2180AC8F001096B9 /* BMI CalculatorTests.xctest */;
			productType = "com.apple.product-type.bundle.unit-test";
		};
		CE1593762180AC8F001096B9 /* BMI CalculatorUITests */ = {
			isa = PBXNativeTarget;
			buildConfigurationList = CE1593862180AC8F001096B9 /* Build configuration list for PBXNativeTarget "BMI CalculatorUITests" */;
			buildPhases = (
				CE1593732180AC8F001096B9 /* Sources */,
				CE1593742180AC8F001096B9 /* Frameworks */,
				CE1593752180AC8F001096B9 /* Resources */,
			);
			buildRules = (
			);
			dependencies = (
				CE1593792180AC8F001096B9 /* PBXTargetDependency */,
			);
			name = "BMI CalculatorUITests";
			productName = "BMI CalculatorUITests";
			productReference = CE1593772180AC8F001096B9 /* BMI CalculatorUITests.xctest */;
			productType = "com.apple.product-type.bundle.ui-testing";
		};
/* End PBXNativeTarget section */

/* Begin PBXProject section */
		CE1593502180AC8F001096B9 /* Project object */ = {
			isa = PBXProject;
			attributes = {
				LastSwiftUpdateCheck = 0920;
				LastUpgradeCheck = 0920;
				ORGANIZATIONNAME = tahmidhasan3003;
				TargetAttributes = {
					CE1593572180AC8F001096B9 = {
						CreatedOnToolsVersion = 9.2;
						ProvisioningStyle = Automatic;
					};
					CE15936B2180AC8F001096B9 = {
						CreatedOnToolsVersion = 9.2;
						ProvisioningStyle = Automatic;
						TestTargetID = CE1593572180AC8F001096B9;
					};
					CE1593762180AC8F001096B9 = {
						CreatedOnToolsVersion = 9.2;
						ProvisioningStyle = Automatic;
						TestTargetID = CE1593572180AC8F001096B9;
					};
				};
			};
			buildConfigurationList = CE1593532180AC8F001096B9 /* Build configuration list for PBXProject "BMI Calculator" */;
			compatibilityVersion = "Xcode 8.0";
			developmentRegion = en;
			hasScannedForEncodings = 0;
			knownRegions = (
				en,
				Base,
			);
			mainGroup = CE15934F2180AC8F001096B9;
			productRefGroup = CE1593592180AC8F001096B9 /* Products */;
			projectDirPath = "";
			projectRoot = "";
			targets = (
				CE1593572180AC8F001096B9 /* BMI Calculator */,
				CE15936B2180AC8F001096B9 /* BMI CalculatorTests */,
				CE1593762180AC8F001096B9 /* BMI CalculatorUITests */,
			);
		};
/* End PBXProject section */

/* Begin PBXResourcesBuildPhase section */
		CE1593562180AC8F001096B9 /* Resources */ = {
			isa = PBXResourcesBuildPhase;
			buildActionMask = 2147483647;
			files = (
				CE1593662180AC8F001096B9 /* LaunchScreen.storyboard in Resources */,
				CE1593632180AC8F001096B9 /* Assets.xcassets in Resources */,
				CE1593612180AC8F001096B9 /* Main.storyboard in Resources */,
			);
			runOnlyForDeploymentPostprocessing = 0;
		};
		CE15936A2180AC8F001096B9 /* Resources */ = {
			isa = PBXResourcesBuildPhase;
			buildActionMask = 2147483647;
			files = (
			);
			runOnlyForDeploymentPostprocessing = 0;
		};
		CE1593752180AC8F001096B9 /* Resources */ = {
			isa = PBXResourcesBuildPhase;
			buildActionMask = 2147483647;
			files = (
			);
			runOnlyForDeploymentPostprocessing = 0;
		};
/* End PBXResourcesBuildPhase section */

/* Begin PBXSourcesBuildPhase section */
		CE1593542180AC8F001096B9 /* Sources */ = {
			isa = PBXSourcesBuildPhase;
			buildActionMask = 2147483647;
			files = (
				CE15935E2180AC8F001096B9 /* ViewController.swift in Sources */,
				CE15935C2180AC8F001096B9 /* AppDelegate.swift in Sources */,
			);
			runOnlyForDeploymentPostprocessing = 0;
		};
		CE1593682180AC8F001096B9 /* Sources */ = {
			isa = PBXSourcesBuildPhase;
			buildActionMask = 2147483647;
			files = (
				CE1593712180AC8F001096B9 /* BMI_CalculatorTests.swift in Sources */,
			);
			runOnlyForDeploymentPostprocessing = 0;
		};
		CE1593732180AC8F001096B9 /* Sources */ = {
			isa = PBXSourcesBuildPhase;
			buildActionMask = 2147483647;
			files = (
				CE15937C2180AC8F001096B9 /* BMI_CalculatorUITests.swift in Sources */,
			);
			runOnlyForDeploymentPostprocessing = 0;
		};
/* End PBXSourcesBuildPhase section */

/* Begin PBXTargetDependency section */
		CE15936E2180AC8F001096B9 /* PBXTargetDependency */ = {
			isa = PBXTargetDependency;
			target = CE1593572180AC8F001096B9 /* BMI Calculator */;
			targetProxy = CE15936D2180AC8F001096B9 /* PBXContainerItemProxy */;
		};
		CE1593792180AC8F001096B9 /* PBXTargetDependency */ = {
			isa = PBXTargetDependency;
			target = CE1593572180AC8F001096B9 /* BMI Calculator */;
			targetProxy = CE1593782180AC8F001096B9 /* PBXContainerItemProxy */;
		};
/* End PBXTargetDependency section */

/* Begin PBXVariantGroup section */
		CE15935F2180AC8F001096B9 /* Main.storyboard */ = {
			isa = PBXVariantGroup;
			children = (
				CE1593602180AC8F001096B9 /* Base */,
			);
			name = Main.storyboard;
			sourceTree = "<group>";
		};
		CE1593642180AC8F001096B9 /* LaunchScreen.storyboard */ = {
			isa = PBXVariantGroup;
			children = (
				CE1593652180AC8F001096B9 /* Base */,
			);
			name = LaunchScreen.storyboard;
			sourceTree = "<group>";
		};
/* End PBXVariantGroup section */

/* Begin XCBuildConfiguration section */
		CE15937E2180AC8F001096B9 /* Debug */ = {
			isa = XCBuildConfiguration;
			buildSettings = {
				ALWAYS_SEARCH_USER_PATHS = NO;
				CLANG_ANALYZER_NONNULL = YES;
				CLANG_ANALYZER_NUMBER_OBJECT_CONVERSION = YES_AGGRESSIVE;
				CLANG_CXX_LANGUAGE_STANDARD = "gnu++14";
				CLANG_CXX_LIBRARY = "libc++";
				CLANG_ENABLE_MODULES = YES;
				CLANG_ENABLE_OBJC_ARC = YES;
				CLANG_WARN_BLOCK_CAPTURE_AUTORELEASING = YES;
				CLANG_WARN_BOOL_CONVERSION = YES;
				CLANG_WARN_COMMA = YES;
				CLANG_WARN_CONSTANT_CONVERSION = YES;
				CLANG_WARN_DIRECT_OBJC_ISA_USAGE = YES_ERROR;
				CLANG_WARN_DOCUMENTATION_COMMENTS = YES;
				CLANG_WARN_EMPTY_BODY = YES;
				CLANG_WARN_ENUM_CONVERSION = YES;
				CLANG_WARN_INFINITE_RECURSION = YES;
				CLANG_WARN_INT_CONVERSION = YES;
				CLANG_WARN_NON_LITERAL_NULL_CONVERSION = YES;
				CLANG_WARN_OBJC_LITERAL_CONVERSION = YES;
				CLANG_WARN_OBJC_ROOT_CLASS = YES_ERROR;
				CLANG_WARN_RANGE_LOOP_ANALYSIS = YES;
				CLANG_WARN_STRICT_PROTOTYPES = YES;
				CLANG_WARN_SUSPICIOUS_MOVE = YES;
				CLANG_WARN_UNGUARDED_AVAILABILITY = YES_AGGRESSIVE;
				CLANG_WARN_UNREACHABLE_CODE = YES;
				CLANG_WARN__DUPLICATE_METHOD_MATCH = YES;
				CODE_SIGN_IDENTITY = "iPhone Developer";
				COPY_PHASE_STRIP = NO;
				DEBUG_INFORMATION_FORMAT = dwarf;
				ENABLE_STRICT_OBJC_MSGSEND = YES;
				ENABLE_TESTABILITY = YES;
				GCC_C_LANGUAGE_STANDARD = gnu11;
				GCC_DYNAMIC_NO_PIC = NO;
				GCC_NO_COMMON_BLOCKS = YES;
				GCC_OPTIMIZATION_LEVEL = 0;
				GCC_PREPROCESSOR_DEFINITIONS = (
					"DEBUG=1",
					"$(inherited)",
				);
				GCC_WARN_64_TO_32_BIT_CONVERSION = YES;
				GCC_WARN_ABOUT_RETURN_TYPE = YES_ERROR;
				GCC_WARN_UNDECLARED_SELECTOR = YES;
				GCC_WARN_UNINITIALIZED_AUTOS = YES_AGGRESSIVE;
				GCC_WARN_UNUSED_FUNCTION = YES;
				GCC_WARN_UNUSED_VARIABLE = YES;
				IPHONEOS_DEPLOYMENT_TARGET = 11.2;
				MTL_ENABLE_DEBUG_INFO = YES;
				ONLY_ACTIVE_ARCH = YES;
				SDKROOT = iphoneos;
				SWIFT_ACTIVE_COMPILATION_CONDITIONS = DEBUG;
				SWIFT_OPTIMIZATION_LEVEL = "-Onone";
			};
			name = Debug;
		};
		CE15937F2180AC8F001096B9 /* Release */ = {
			isa = XCBuildConfiguration;
			buildSettings = {
				ALWAYS_SEARCH_USER_PATHS = NO;
				CLANG_ANALYZER_NONNULL = YES;
				CLANG_ANALYZER_NUMBER_OBJECT_CONVERSION = YES_AGGRESSIVE;
				CLANG_CXX_LANGUAGE_STANDARD = "gnu++14";
				CLANG_CXX_LIBRARY = "libc++";
				CLANG_ENABLE_MODULES = YES;
				CLANG_ENABLE_OBJC_ARC = YES;
				CLANG_WARN_BLOCK_CAPTURE_AUTORELEASING = YES;
				CLANG_WARN_BOOL_CONVERSION = YES;
				CLANG_WARN_COMMA = YES;
				CLANG_WARN_CONSTANT_CONVERSION = YES;
				CLANG_WARN_DIRECT_OBJC_ISA_USAGE = YES_ERROR;
				CLANG_WARN_DOCUMENTATION_COMMENTS = YES;
				CLANG_WARN_EMPTY_BODY = YES;
				CLANG_WARN_ENUM_CONVERSION = YES;
				CLANG_WARN_INFINITE_RECURSION = YES;
				CLANG_WARN_INT_CONVERSION = YES;
				CLANG_WARN_NON_LITERAL_NULL_CONVERSION = YES;
				CLANG_WARN_OBJC_LITERAL_CONVERSION = YES;
				CLANG_WARN_OBJC_ROOT_CLASS = YES_ERROR;
				CLANG_WARN_RANGE_LOOP_ANALYSIS = YES;
				CLANG_WARN_STRICT_PROTOTYPES = YES;
				CLANG_WARN_SUSPICIOUS_MOVE = YES;
				CLANG_WARN_UNGUARDED_AVAILABILITY = YES_AGGRESSIVE;
				CLANG_WARN_UNREACHABLE_CODE = YES;
				CLANG_WARN__DUPLICATE_METHOD_MATCH = YES;
				CODE_SIGN_IDENTITY = "iPhone Developer";
				COPY_PHASE_STRIP = NO;
				DEBUG_INFORMATION_FORMAT = "dwarf-with-dsym";
				ENABLE_NS_ASSERTIONS = NO;
				ENABLE_STRICT_OBJC_MSGSEND = YES;
				GCC_C_LANGUAGE_STANDARD = gnu11;
				GCC_NO_COMMON_BLOCKS = YES;
				GCC_WARN_64_TO_32_BIT_CONVERSION = YES;
				GCC_WARN_ABOUT_RETURN_TYPE = YES_ERROR;
				GCC_WARN_UNDECLARED_SELECTOR = YES;
				GCC_WARN_UNINITIALIZED_AUTOS = YES_AGGRESSIVE;
				GCC_WARN_UNUSED_FUNCTION = YES;
				GCC_WARN_UNUSED_VARIABLE = YES;
				IPHONEOS_DEPLOYMENT_TARGET = 11.2;
				MTL_ENABLE_DEBUG_INFO = NO;
				SDKROOT = iphoneos;
				SWIFT_OPTIMIZATION_LEVEL = "-Owholemodule";
				VALIDATE_PRODUCT = YES;
			};
			name = Release;
		};
		CE1593812180AC8F001096B9 /* Debug */ = {
			isa = XCBuildConfiguration;
			buildSettings = {
				ASSETCATALOG_COMPILER_APPICON_NAME = AppIcon;
				CODE_SIGN_STYLE = Automatic;
				INFOPLIST_FILE = "BMI Calculator/Info.plist";
				LD_RUNPATH_SEARCH_PATHS = "$(inherited) @executable_path/Frameworks";
				PRODUCT_BUNDLE_IDENTIFIER = "com.tahmidhasan3003.BMI-Calculator";
				PRODUCT_NAME = "$(TARGET_NAME)";
				SWIFT_VERSION = 4.0;
				TARGETED_DEVICE_FAMILY = 1;
			};
			name = Debug;
		};
		CE1593822180AC8F001096B9 /* Release */ = {
			isa = XCBuildConfiguration;
			buildSettings = {
				ASSETCATALOG_COMPILER_APPICON_NAME = AppIcon;
				CODE_SIGN_STYLE = Automatic;
				INFOPLIST_FILE = "BMI Calculator/Info.plist";
				LD_RUNPATH_SEARCH_PATHS = "$(inherited) @executable_path/Frameworks";
				PRODUCT_BUNDLE_IDENTIFIER = "com.tahmidhasan3003.BMI-Calculator";
				PRODUCT_NAME = "$(TARGET_NAME)";
				SWIFT_VERSION = 4.0;
				TARGETED_DEVICE_FAMILY = 1;
			};
			name = Release;
		};
		CE1593842180AC8F001096B9 /* Debug */ = {
			isa = XCBuildConfiguration;
			buildSettings = {
				ALWAYS_EMBED_SWIFT_STANDARD_LIBRARIES = YES;
				BUNDLE_LOADER = "$(TEST_HOST)";
				CODE_SIGN_STYLE = Automatic;
				INFOPLIST_FILE = "BMI CalculatorTests/Info.plist";
				LD_RUNPATH_SEARCH_PATHS = "$(inherited) @executable_path/Frameworks @loader_path/Frameworks";
				PRODUCT_BUNDLE_IDENTIFIER = "com.tahmidhasan3003.BMI-CalculatorTests";
				PRODUCT_NAME = "$(TARGET_NAME)";
				SWIFT_VERSION = 4.0;
				TARGETED_DEVICE_FAMILY = "1,2";
				TEST_HOST = "$(BUILT_PRODUCTS_DIR)/BMI Calculator.app/BMI Calculator";
			};
			name = Debug;
		};
		CE1593852180AC8F001096B9 /* Release */ = {
			isa = XCBuildConfiguration;
			buildSettings = {
				ALWAYS_EMBED_SWIFT_STANDARD_LIBRARIES = YES;
				BUNDLE_LOADER = "$(TEST_HOST)";
				CODE_SIGN_STYLE = Automatic;
				INFOPLIST_FILE = "BMI CalculatorTests/Info.plist";
				LD_RUNPATH_SEARCH_PATHS = "$(inherited) @executable_path/Frameworks @loader_path/Frameworks";
				PRODUCT_BUNDLE_IDENTIFIER = "com.tahmidhasan3003.BMI-CalculatorTests";
				PRODUCT_NAME = "$(TARGET_NAME)";
				SWIFT_VERSION = 4.0;
				TARGETED_DEVICE_FAMILY = "1,2";
				TEST_HOST = "$(BUILT_PRODUCTS_DIR)/BMI Calculator.app/BMI Calculator";
			};
			name = Release;
		};
		CE1593872180AC8F001096B9 /* Debug */ = {
			isa = XCBuildConfiguration;
			buildSettings = {
				ALWAYS_EMBED_SWIFT_STANDARD_LIBRARIES = YES;
				CODE_SIGN_STYLE = Automatic;
				INFOPLIST_FILE = "BMI CalculatorUITests/Info.plist";
				LD_RUNPATH_SEARCH_PATHS = "$(inherited) @executable_path/Frameworks @loader_path/Frameworks";
				PRODUCT_BUNDLE_IDENTIFIER = "com.tahmidhasan3003.BMI-CalculatorUITests";
				PRODUCT_NAME = "$(TARGET_NAME)";
				SWIFT_VERSION = 4.0;
				TARGETED_DEVICE_FAMILY = "1,2";
				TEST_TARGET_NAME = "BMI Calculator";
			};
			name = Debug;
		};
		CE1593882180AC8F001096B9 /* Release */ = {
			isa = XCBuildConfiguration;
			buildSettings = {
				ALWAYS_EMBED_SWIFT_STANDARD_LIBRARIES = YES;
				CODE_SIGN_STYLE = Automatic;
				INFOPLIST_FILE = "BMI CalculatorUITests/Info.plist";
				LD_RUNPATH_SEARCH_PATHS = "$(inherited) @executable_path/Frameworks @loader_path/Frameworks";
				PRODUCT_BUNDLE_IDENTIFIER = "com.tahmidhasan3003.BMI-CalculatorUITests";
				PRODUCT_NAME = "$(TARGET_NAME)";
				SWIFT_VERSION = 4.0;
				TARGETED_DEVICE_FAMILY = "1,2";
				TEST_TARGET_NAME = "BMI Calculator";
			};
			name = Release;
		};
/* End XCBuildConfiguration section */

/* Begin XCConfigurationList section */
		CE1593532180AC8F001096B9 /* Build configuration list for PBXProject "BMI Calculator" */ = {
			isa = XCConfigurationList;
			buildConfigurations = (
				CE15937E2180AC8F001096B9 /* Debug */,
				CE15937F2180AC8F001096B9 /* Release */,
			);
			defaultConfigurationIsVisible = 0;
			defaultConfigurationName = Release;
		};
		CE1593802180AC8F001096B9 /* Build configuration list for PBXNativeTarget "BMI Calculator" */ = {
			isa = XCConfigurationList;
			buildConfigurations = (
				CE1593812180AC8F001096B9 /* Debug */,
				CE1593822180AC8F001096B9 /* Release */,
			);
			defaultConfigurationIsVisible = 0;
			defaultConfigurationName = Release;
		};
		CE1593832180AC8F001096B9 /* Build configuration list for PBXNativeTarget "BMI CalculatorTests" */ = {
			isa = XCConfigurationList;
			buildConfigurations = (
				CE1593842180AC8F001096B9 /* Debug */,
				CE1593852180AC8F001096B9 /* Release */,
			);
			defaultConfigurationIsVisible = 0;
			defaultConfigurationName = Release;
		};
		CE1593862180AC8F001096B9 /* Build configuration list for PBXNativeTarget "BMI CalculatorUITests" */ = {
			isa = XCConfigurationList;
			buildConfigurations = (
				CE1593872180AC8F001096B9 /* Debug */,
				CE1593882180AC8F001096B9 /* Release */,
			);
			defaultConfigurationIsVisible = 0;
			defaultConfigurationName = Release;
		};
/* End XCConfigurationList section */
	};
	rootObject = CE1593502180AC8F001096B9 /* Project object */;
}
